
Microsoft Visual Studio Solution File, Format Version 12.00
# Visual Studio 15
VisualStudioVersion = 15.0.28307.329
MinimumVisualStudioVersion = 10.0.40219.1
Project("{FAE04EC0-301F-11D3-BF4B-00C04F79EFBC}") = "Tetris", "Tetris\Tetris.csproj", "{0810E75F-C4A8-43F3-9F23-24D7F5E3547A}"
EndProject
Global
	GlobalSection(SolutionConfigurationPlatforms) = preSolution
		Debug|Any CPU = Debug|Any CPU
		Release|Any CPU = Release|Any CPU
	EndGlobalSection
	GlobalSection(ProjectConfigurationPlatforms) = postSolution
		{0810E75F-C4A8-43F3-9F23-24D7F5E3547A}.Debug|Any CPU.ActiveCfg = Debug|Any CPU
		{0810E75F-C4A8-43F3-9F23-24D7F5E3547A}.Debug|Any CPU.Build.0 = Debug|Any CPU
		{0810E75F-C4A8-43F3-9F23-24D7F5E3547A}.Release|Any CPU.ActiveCfg = Release|Any CPU
		{0810E75F-C4A8-43F3-9F23-24D7F5E3547A}.Release|Any CPU.Build.0 = Release|Any CPU
	EndGlobalSection
	GlobalSection(SolutionProperties) = preSolution
		HideSolutionNode = FALSE
	EndGlobalSection
	GlobalSection(ExtensibilityGlobals) = postSolution
		SolutionGuid = {0106E447-EEC3-487D-836D-56F0085543F6}
	EndGlobalSection
EndGlobal
