
Microsoft Visual Studio Solution File, Format Version 12.00
# Visual Studio 15
VisualStudioVersion = 15.0.28307.438
MinimumVisualStudioVersion = 10.0.40219.1
Project("{FAE04EC0-301F-11D3-BF4B-00C04F79EFBC}") = "Tetris", "Tetris\Tetris.csproj", "{DEA63A2A-2A64-4A02-9535-C3976EB44B4D}"
EndProject
Global
	GlobalSection(SolutionConfigurationPlatforms) = preSolution
		Debug|Any CPU = Debug|Any CPU
		Release|Any CPU = Release|Any CPU
	EndGlobalSection
	GlobalSection(ProjectConfigurationPlatforms) = postSolution
		{DEA63A2A-2A64-4A02-9535-C3976EB44B4D}.Debug|Any CPU.ActiveCfg = Debug|Any CPU
		{DEA63A2A-2A64-4A02-9535-C3976EB44B4D}.Debug|Any CPU.Build.0 = Debug|Any CPU
		{DEA63A2A-2A64-4A02-9535-C3976EB44B4D}.Release|Any CPU.ActiveCfg = Release|Any CPU
		{DEA63A2A-2A64-4A02-9535-C3976EB44B4D}.Release|Any CPU.Build.0 = Release|Any CPU
	EndGlobalSection
	GlobalSection(SolutionProperties) = preSolution
		HideSolutionNode = FALSE
	EndGlobalSection
	GlobalSection(ExtensibilityGlobals) = postSolution
		SolutionGuid = {3103C48F-F551-4FB7-9410-D4776E71EEB3}
	EndGlobalSection
EndGlobal
